
Microsoft Visual Studio Solution File, Format Version 12.00
# Visual Studio 2012
Project("{E24C65DC-7377-472B-9ABA-BC803B73C61A}") = "aws", "http://localhost/aws", "{6A36BC74-E1F7-494C-97E9-D3ADBA09124D}"
	ProjectSection(WebsiteProperties) = preProject
		UseIISExpress = "false"
		TargetFrameworkMoniker = ".NETFramework,Version%3Dv4.0"
		Debug.AspNetCompiler.VirtualPath = "/aws"
		Debug.AspNetCompiler.PhysicalPath = "..\AWS\"
		Debug.AspNetCompiler.TargetPath = "PrecompiledWeb\aws\"
		Debug.AspNetCompiler.Updateable = "true"
		Debug.AspNetCompiler.ForceOverwrite = "true"
		Debug.AspNetCompiler.FixedNames = "false"
		Debug.AspNetCompiler.Debug = "True"
		Release.AspNetCompiler.VirtualPath = "/aws"
		Release.AspNetCompiler.PhysicalPath = "..\AWS\"
		Release.AspNetCompiler.TargetPath = "PrecompiledWeb\aws\"
		Release.AspNetCompiler.Updateable = "true"
		Release.AspNetCompiler.ForceOverwrite = "true"
		Release.AspNetCompiler.FixedNames = "false"
		Release.AspNetCompiler.Debug = "False"
		SlnRelativePath = "..\AWS\"
	EndProjectSection
EndProject
Global
	GlobalSection(SolutionConfigurationPlatforms) = preSolution
		Debug|Any CPU = Debug|Any CPU
	EndGlobalSection
	GlobalSection(ProjectConfigurationPlatforms) = postSolution
		{6A36BC74-E1F7-494C-97E9-D3ADBA09124D}.Debug|Any CPU.ActiveCfg = Debug|Any CPU
		{6A36BC74-E1F7-494C-97E9-D3ADBA09124D}.Debug|Any CPU.Build.0 = Debug|Any CPU
	EndGlobalSection
	GlobalSection(SolutionProperties) = preSolution
		HideSolutionNode = FALSE
	EndGlobalSection
EndGlobal
